Microsoft Visual Studio Solution File, Format Version 12.00
# Visual Studio Version 17
VisualStudioVersion = 17.5.2.0
MinimumVisualStudioVersion = 10.0.40219.1
Project("{FAE04EC0-301F-11D3-BF4B-00C04F79EFBC}") = "littlefriend", "littlefriend.csproj", "{3AF77D03-0874-A54E-B61A-B9DBCE0EE60B}"
EndProject
Global
	GlobalSection(SolutionConfigurationPlatforms) = preSolution
		Debug|Any CPU = Debug|Any CPU
		Release|Any CPU = Release|Any CPU
	EndGlobalSection
	GlobalSection(ProjectConfigurationPlatforms) = postSolution
		{3AF77D03-0874-A54E-B61A-B9DBCE0EE60B}.Debug|Any CPU.ActiveCfg = Debug|Any CPU
		{3AF77D03-0874-A54E-B61A-B9DBCE0EE60B}.Debug|Any CPU.Build.0 = Debug|Any CPU
		{3AF77D03-0874-A54E-B61A-B9DBCE0EE60B}.Release|Any CPU.ActiveCfg = Release|Any CPU
		{3AF77D03-0874-A54E-B61A-B9DBCE0EE60B}.Release|Any CPU.Build.0 = Release|Any CPU
	EndGlobalSection
	GlobalSection(SolutionProperties) = preSolution
		HideSolutionNode = FALSE
	EndGlobalSection
	GlobalSection(ExtensibilityGlobals) = postSolution
		SolutionGuid = {DF8E5C8E-2F43-480E-A38E-DD2EEB4359D3}
	EndGlobalSection
EndGlobal
